// !$*UTF8*$!
{
	archiveVersion = 1;
	classes = {
	};
	objectVersion = 46;
	objects = {

/* Begin PBXBuildFile section */
		77501DCB1DFD4CE700E48E73 /* main.m in Sources */ = {isa = PBXBuildFile; fileRef = 77501DCA1DFD4CE700E48E73 /* main.m */; };
		77501DCE1DFD4CE700E48E73 /* AppDelegate.m in Sources */ = {isa = PBXBuildFile; fileRef = 77501DCD1DFD4CE700E48E73 /* AppDelegate.m */; };
		77501DD41DFD4CE700E48E73 /* Main.storyboard in Resources */ = {isa = PBXBuildFile; fileRef = 77501DD21DFD4CE700E48E73 /* Main.storyboard */; };
		77501DD61DFD4CE700E48E73 /* Assets.xcassets in Resources */ = {isa = PBXBuildFile; fileRef = 77501DD51DFD4CE700E48E73 /* Assets.xcassets */; };
		77501DD91DFD4CE700E48E73 /* LaunchScreen.storyboard in Resources */ = {isa = PBXBuildFile; fileRef = 77501DD71DFD4CE700E48E73 /* LaunchScreen.storyboard */; };
		77501E041DFD508300E48E73 /* AFHTTPSessionManager.m in Sources */ = {isa = PBXBuildFile; fileRef = 77501DF81DFD508300E48E73 /* AFHTTPSessionManager.m */; };
		77501E051DFD508300E48E73 /* AFNetworkReachabilityManager.m in Sources */ = {isa = PBXBuildFile; fileRef = 77501DFB1DFD508300E48E73 /* AFNetworkReachabilityManager.m */; };
		77501E061DFD508300E48E73 /* AFSecurityPolicy.m in Sources */ = {isa = PBXBuildFile; fileRef = 77501DFD1DFD508300E48E73 /* AFSecurityPolicy.m */; };
		77501E071DFD508300E48E73 /* AFURLRequestSerialization.m in Sources */ = {isa = PBXBuildFile; fileRef = 77501DFF1DFD508300E48E73 /* AFURLRequestSerialization.m */; };
		77501E081DFD508400E48E73 /* AFURLResponseSerialization.m in Sources */ = {isa = PBXBuildFile; fileRef = 77501E011DFD508300E48E73 /* AFURLResponseSerialization.m */; };
		77501E091DFD508400E48E73 /* AFURLSessionManager.m in Sources */ = {isa = PBXBuildFile; fileRef = 77501E031DFD508300E48E73 /* AFURLSessionManager.m */; };
		77501E0C1DFD50EF00E48E73 /* NetWorkTool.m in Sources */ = {isa = PBXBuildFile; fileRef = 77501E0B1DFD50EF00E48E73 /* NetWorkTool.m */; };
		779D0A351DFD576200888253 /* ViewController.m in Sources */ = {isa = PBXBuildFile; fileRef = 779D0A321DFD576200888253 /* ViewController.m */; };
		779D0A581DFD578B00888253 /* MKAnnotationView+WebCache.m in Sources */ = {isa = PBXBuildFile; fileRef = 779D0A381DFD578B00888253 /* MKAnnotationView+WebCache.m */; };
		779D0A591DFD578B00888253 /* NSData+ImageContentType.m in Sources */ = {isa = PBXBuildFile; fileRef = 779D0A3A1DFD578B00888253 /* NSData+ImageContentType.m */; };
		779D0A5A1DFD578B00888253 /* SDImageCache.m in Sources */ = {isa = PBXBuildFile; fileRef = 779D0A3C1DFD578B00888253 /* SDImageCache.m */; };
		779D0A5B1DFD578B00888253 /* SDWebImageCompat.m in Sources */ = {isa = PBXBuildFile; fileRef = 779D0A3E1DFD578B00888253 /* SDWebImageCompat.m */; };
		779D0A5C1DFD578B00888253 /* SDWebImageDecoder.m in Sources */ = {isa = PBXBuildFile; fileRef = 779D0A401DFD578B00888253 /* SDWebImageDecoder.m */; };
		779D0A5D1DFD578B00888253 /* SDWebImageDownloader.m in Sources */ = {isa = PBXBuildFile; fileRef = 779D0A421DFD578B00888253 /* SDWebImageDownloader.m */; };
		779D0A5E1DFD578B00888253 /* SDWebImageDownloaderOperation.m in Sources */ = {isa = PBXBuildFile; fileRef = 779D0A441DFD578B00888253 /* SDWebImageDownloaderOperation.m */; };
		779D0A5F1DFD578B00888253 /* SDWebImageManager.m in Sources */ = {isa = PBXBuildFile; fileRef = 779D0A461DFD578B00888253 /* SDWebImageManager.m */; };
		779D0A601DFD578B00888253 /* SDWebImagePrefetcher.m in Sources */ = {isa = PBXBuildFile; fileRef = 779D0A491DFD578B00888253 /* SDWebImagePrefetcher.m */; };
		779D0A611DFD578B00888253 /* UIButton+WebCache.m in Sources */ = {isa = PBXBuildFile; fileRef = 779D0A4B1DFD578B00888253 /* UIButton+WebCache.m */; };
		779D0A621DFD578B00888253 /* UIImage+GIF.m in Sources */ = {isa = PBXBuildFile; fileRef = 779D0A4D1DFD578B00888253 /* UIImage+GIF.m */; };
		779D0A631DFD578B00888253 /* UIImage+MultiFormat.m in Sources */ = {isa = PBXBuildFile; fileRef = 779D0A4F1DFD578B00888253 /* UIImage+MultiFormat.m */; };
		779D0A641DFD578B00888253 /* UIImage+WebP.m in Sources */ = {isa = PBXBuildFile; fileRef = 779D0A511DFD578B00888253 /* UIImage+WebP.m */; };
		779D0A651DFD578B00888253 /* UIImageView+HighlightedWebCache.m in Sources */ = {isa = PBXBuildFile; fileRef = 779D0A531DFD578B00888253 /* UIImageView+HighlightedWebCache.m */; };
		779D0A661DFD578B00888253 /* UIImageView+WebCache.m in Sources */ = {isa = PBXBuildFile; fileRef = 779D0A551DFD578B00888253 /* UIImageView+WebCache.m */; };
		779D0A671DFD578B00888253 /* UIView+WebCacheOperation.m in Sources */ = {isa = PBXBuildFile; fileRef = 779D0A571DFD578B00888253 /* UIView+WebCacheOperation.m */; };
		779D0A6A1DFD597C00888253 /* AppModel.m in Sources */ = {isa = PBXBuildFile; fileRef = 779D0A691DFD597C00888253 /* AppModel.m */; };
/* End PBXBuildFile section */

/* Begin PBXFileReference section */
		77501DC61DFD4CE700E48E73 /* AsynToDownLoad.app */ = {isa = PBXFileReference; explicitFileType = wrapper.application; includeInIndex = 0; path = AsynToDownLoad.app; sourceTree = BUILT_PRODUCTS_DIR; };
		77501DCA1DFD4CE700E48E73 /* main.m */ = {isa = PBXFileReference; lastKnownFileType = sourcecode.c.objc; path = main.m; sourceTree = "<group>"; };
		77501DCC1DFD4CE700E48E73 /* AppDelegate.h */ = {isa = PBXFileReference; lastKnownFileType = sourcecode.c.h; path = AppDelegate.h; sourceTree = "<group>"; };
		77501DCD1DFD4CE700E48E73 /* AppDelegate.m */ = {isa = PBXFileReference; lastKnownFileType = sourcecode.c.objc; path = AppDelegate.m; sourceTree = "<group>"; };
		77501DD31DFD4CE700E48E73 /* Base */ = {isa = PBXFileReference; lastKnownFileType = file.storyboard; name = Base; path = Base.lproj/Main.storyboard; sourceTree = "<group>"; };
		77501DD51DFD4CE700E48E73 /* Assets.xcassets */ = {isa = PBXFileReference; lastKnownFileType = folder.assetcatalog; path = Assets.xcassets; sourceTree = "<group>"; };
		77501DD81DFD4CE700E48E73 /* Base */ = {isa = PBXFileReference; lastKnownFileType = file.storyboard; name = Base; path = Base.lproj/LaunchScreen.storyboard; sourceTree = "<group>"; };
		77501DDA1DFD4CE700E48E73 /* Info.plist */ = {isa = PBXFileReference; lastKnownFileType = text.plist.xml; path = Info.plist; sourceTree = "<group>"; };
		77501DF71DFD508300E48E73 /* AFHTTPSessionManager.h */ = {isa = PBXFileReference; fileEncoding = 4; lastKnownFileType = sourcecode.c.h; path = AFHTTPSessionManager.h; sourceTree = "<group>"; };
		77501DF81DFD508300E48E73 /* AFHTTPSessionManager.m */ = {isa = PBXFileReference; fileEncoding = 4; lastKnownFileType = sourcecode.c.objc; path = AFHTTPSessionManager.m; sourceTree = "<group>"; };
		77501DF91DFD508300E48E73 /* AFNetworking.h */ = {isa = PBXFileReference; fileEncoding = 4; lastKnownFileType = sourcecode.c.h; path = AFNetworking.h; sourceTree = "<group>"; };
		77501DFA1DFD508300E48E73 /* AFNetworkReachabilityManager.h */ = {isa = PBXFileReference; fileEncoding = 4; lastKnownFileType = sourcecode.c.h; path = AFNetworkReachabilityManager.h; sourceTree = "<group>"; };
		77501DFB1DFD508300E48E73 /* AFNetworkReachabilityManager.m */ = {isa = PBXFileReference; fileEncoding = 4; lastKnownFileType = sourcecode.c.objc; path = AFNetworkReachabilityManager.m; sourceTree = "<group>"; };
		77501DFC1DFD508300E48E73 /* AFSecurityPolicy.h */ = {isa = PBXFileReference; fileEncoding = 4; lastKnownFileType = sourcecode.c.h; path = AFSecurityPolicy.h; sourceTree = "<group>"; };
		77501DFD1DFD508300E48E73 /* AFSecurityPolicy.m */ = {isa = PBXFileReference; fileEncoding = 4; lastKnownFileType = sourcecode.c.objc; path = AFSecurityPolicy.m; sourceTree = "<group>"; };
		77501DFE1DFD508300E48E73 /* AFURLRequestSerialization.h */ = {isa = PBXFileReference; fileEncoding = 4; lastKnownFileType = sourcecode.c.h; path = AFURLRequestSerialization.h; sourceTree = "<group>"; };
		77501DFF1DFD508300E48E73 /* AFURLRequestSerialization.m */ = {isa = PBXFileReference; fileEncoding = 4; lastKnownFileType = sourcecode.c.objc; path = AFURLRequestSerialization.m; sourceTree = "<group>"; };
		77501E001DFD508300E48E73 /* AFURLResponseSerialization.h */ = {isa = PBXFileReference; fileEncoding = 4; lastKnownFileType = sourcecode.c.h; path = AFURLResponseSerialization.h; sourceTree = "<group>"; };
		77501E011DFD508300E48E73 /* AFURLResponseSerialization.m */ = {isa = PBXFileReference; fileEncoding = 4; lastKnownFileType = sourcecode.c.objc; path = AFURLResponseSerialization.m; sourceTree = "<group>"; };
		77501E021DFD508300E48E73 /* AFURLSessionManager.h */ = {isa = PBXFileReference; fileEncoding = 4; lastKnownFileType = sourcecode.c.h; path = AFURLSessionManager.h; sourceTree = "<group>"; };
		77501E031DFD508300E48E73 /* AFURLSessionManager.m */ = {isa = PBXFileReference; fileEncoding = 4; lastKnownFileType = sourcecode.c.objc; path = AFURLSessionManager.m; sourceTree = "<group>"; };
		77501E0A1DFD50EF00E48E73 /* NetWorkTool.h */ = {isa = PBXFileReference; fileEncoding = 4; lastKnownFileType = sourcecode.c.h; path = NetWorkTool.h; sourceTree = "<group>"; };
		77501E0B1DFD50EF00E48E73 /* NetWorkTool.m */ = {isa = PBXFileReference; fileEncoding = 4; lastKnownFileType = sourcecode.c.objc; path = NetWorkTool.m; sourceTree = "<group>"; };
		779D0A311DFD576200888253 /* ViewController.h */ = {isa = PBXFileReference; fileEncoding = 4; lastKnownFileType = sourcecode.c.h; path = ViewController.h; sourceTree = "<group>"; };
		779D0A321DFD576200888253 /* ViewController.m */ = {isa = PBXFileReference; fileEncoding = 4; lastKnownFileType = sourcecode.c.objc; path = ViewController.m; sourceTree = "<group>"; };
		779D0A371DFD578B00888253 /* MKAnnotationView+WebCache.h */ = {isa = PBXFileReference; fileEncoding = 4; lastKnownFileType = sourcecode.c.h; path = "MKAnnotationView+WebCache.h"; sourceTree = "<group>"; };
		779D0A381DFD578B00888253 /* MKAnnotationView+WebCache.m */ = {isa = PBXFileReference; fileEncoding = 4; lastKnownFileType = sourcecode.c.objc; path = "MKAnnotationView+WebCache.m"; sourceTree = "<group>"; };
		779D0A391DFD578B00888253 /* NSData+ImageContentType.h */ = {isa = PBXFileReference; fileEncoding = 4; lastKnownFileType = sourcecode.c.h; path = "NSData+ImageContentType.h"; sourceTree = "<group>"; };
		779D0A3A1DFD578B00888253 /* NSData+ImageContentType.m */ = {isa = PBXFileReference; fileEncoding = 4; lastKnownFileType = sourcecode.c.objc; path = "NSData+ImageContentType.m"; sourceTree = "<group>"; };
		779D0A3B1DFD578B00888253 /* SDImageCache.h */ = {isa = PBXFileReference; fileEncoding = 4; lastKnownFileType = sourcecode.c.h; path = SDImageCache.h; sourceTree = "<group>"; };
		779D0A3C1DFD578B00888253 /* SDImageCache.m */ = {isa = PBXFileReference; fileEncoding = 4; lastKnownFileType = sourcecode.c.objc; path = SDImageCache.m; sourceTree = "<group>"; };
		779D0A3D1DFD578B00888253 /* SDWebImageCompat.h */ = {isa = PBXFileReference; fileEncoding = 4; lastKnownFileType = sourcecode.c.h; path = SDWebImageCompat.h; sourceTree = "<group>"; };
		779D0A3E1DFD578B00888253 /* SDWebImageCompat.m */ = {isa = PBXFileReference; fileEncoding = 4; lastKnownFileType = sourcecode.c.objc; path = SDWebImageCompat.m; sourceTree = "<group>"; };
		779D0A3F1DFD578B00888253 /* SDWebImageDecoder.h */ = {isa = PBXFileReference; fileEncoding = 4; lastKnownFileType = sourcecode.c.h; path = SDWebImageDecoder.h; sourceTree = "<group>"; };
		779D0A401DFD578B00888253 /* SDWebImageDecoder.m */ = {isa = PBXFileReference; fileEncoding = 4; lastKnownFileType = sourcecode.c.objc; path = SDWebImageDecoder.m; sourceTree = "<group>"; };
		779D0A411DFD578B00888253 /* SDWebImageDownloader.h */ = {isa = PBXFileReference; fileEncoding = 4; lastKnownFileType = sourcecode.c.h; path = SDWebImageDownloader.h; sourceTree = "<group>"; };
		779D0A421DFD578B00888253 /* SDWebImageDownloader.m */ = {isa = PBXFileReference; fileEncoding = 4; lastKnownFileType = sourcecode.c.objc; path = SDWebImageDownloader.m; sourceTree = "<group>"; };
		779D0A431DFD578B00888253 /* SDWebImageDownloaderOperation.h */ = {isa = PBXFileReference; fileEncoding = 4; lastKnownFileType = sourcecode.c.h; path = SDWebImageDownloaderOperation.h; sourceTree = "<group>"; };
		779D0A441DFD578B00888253 /* SDWebImageDownloaderOperation.m */ = {isa = PBXFileReference; fileEncoding = 4; lastKnownFileType = sourcecode.c.objc; path = SDWebImageDownloaderOperation.m; sourceTree = "<group>"; };
		779D0A451DFD578B00888253 /* SDWebImageManager.h */ = {isa = PBXFileReference; fileEncoding = 4; lastKnownFileType = sourcecode.c.h; path = SDWebImageManager.h; sourceTree = "<group>"; };
		779D0A461DFD578B00888253 /* SDWebImageManager.m */ = {isa = PBXFileReference; fileEncoding = 4; lastKnownFileType = sourcecode.c.objc; path = SDWebImageManager.m; sourceTree = "<group>"; };
		779D0A471DFD578B00888253 /* SDWebImageOperation.h */ = {isa = PBXFileReference; fileEncoding = 4; lastKnownFileType = sourcecode.c.h; path = SDWebImageOperation.h; sourceTree = "<group>"; };
		779D0A481DFD578B00888253 /* SDWebImagePrefetcher.h */ = {isa = PBXFileReference; fileEncoding = 4; lastKnownFileType = sourcecode.c.h; path = SDWebImagePrefetcher.h; sourceTree = "<group>"; };
		779D0A491DFD578B00888253 /* SDWebImagePrefetcher.m */ = {isa = PBXFileReference; fileEncoding = 4; lastKnownFileType = sourcecode.c.objc; path = SDWebImagePrefetcher.m; sourceTree = "<group>"; };
		779D0A4A1DFD578B00888253 /* UIButton+WebCache.h */ = {isa = PBXFileReference; fileEncoding = 4; lastKnownFileType = sourcecode.c.h; path = "UIButton+WebCache.h"; sourceTree = "<group>"; };
		779D0A4B1DFD578B00888253 /* UIButton+WebCache.m */ = {isa = PBXFileReference; fileEncoding = 4; lastKnownFileType = sourcecode.c.objc; path = "UIButton+WebCache.m"; sourceTree = "<group>"; };
		779D0A4C1DFD578B00888253 /* UIImage+GIF.h */ = {isa = PBXFileReference; fileEncoding = 4; lastKnownFileType = sourcecode.c.h; path = "UIImage+GIF.h"; sourceTree = "<group>"; };
		779D0A4D1DFD578B00888253 /* UIImage+GIF.m */ = {isa = PBXFileReference; fileEncoding = 4; lastKnownFileType = sourcecode.c.objc; path = "UIImage+GIF.m"; sourceTree = "<group>"; };
		779D0A4E1DFD578B00888253 /* UIImage+MultiFormat.h */ = {isa = PBXFileReference; fileEncoding = 4; lastKnownFileType = sourcecode.c.h; path = "UIImage+MultiFormat.h"; sourceTree = "<group>"; };
		779D0A4F1DFD578B00888253 /* UIImage+MultiFormat.m */ = {isa = PBXFileReference; fileEncoding = 4; lastKnownFileType = sourcecode.c.objc; path = "UIImage+MultiFormat.m"; sourceTree = "<group>"; };
		779D0A501DFD578B00888253 /* UIImage+WebP.h */ = {isa = PBXFileReference; fileEncoding = 4; lastKnownFileType = sourcecode.c.h; path = "UIImage+WebP.h"; sourceTree = "<group>"; };
		779D0A511DFD578B00888253 /* UIImage+WebP.m */ = {isa = PBXFileReference; fileEncoding = 4; lastKnownFileType = sourcecode.c.objc; path = "UIImage+WebP.m"; sourceTree = "<group>"; };
		779D0A521DFD578B00888253 /* UIImageView+HighlightedWebCache.h */ = {isa = PBXFileReference; fileEncoding = 4; lastKnownFileType = sourcecode.c.h; path = "UIImageView+HighlightedWebCache.h"; sourceTree = "<group>"; };
		779D0A531DFD578B00888253 /* UIImageView+HighlightedWebCache.m */ = {isa = PBXFileReference; fileEncoding = 4; lastKnownFileType = sourcecode.c.objc; path = "UIImageView+HighlightedWebCache.m"; sourceTree = "<group>"; };
		779D0A541DFD578B00888253 /* UIImageView+WebCache.h */ = {isa = PBXFileReference; fileEncoding = 4; lastKnownFileType = sourcecode.c.h; path = "UIImageView+WebCache.h"; sourceTree = "<group>"; };
		779D0A551DFD578B00888253 /* UIImageView+WebCache.m */ = {isa = PBXFileReference; fileEncoding = 4; lastKnownFileType = sourcecode.c.objc; path = "UIImageView+WebCache.m"; sourceTree = "<group>"; };
		779D0A561DFD578B00888253 /* UIView+WebCacheOperation.h */ = {isa = PBXFileReference; fileEncoding = 4; lastKnownFileType = sourcecode.c.h; path = "UIView+WebCacheOperation.h"; sourceTree = "<group>"; };
		779D0A571DFD578B00888253 /* UIView+WebCacheOperation.m */ = {isa = PBXFileReference; fileEncoding = 4; lastKnownFileType = sourcecode.c.objc; path = "UIView+WebCacheOperation.m"; sourceTree = "<group>"; };
		779D0A681DFD597C00888253 /* AppModel.h */ = {isa = PBXFileReference; fileEncoding = 4; lastKnownFileType = sourcecode.c.h; path = AppModel.h; sourceTree = "<group>"; };
		779D0A691DFD597C00888253 /* AppModel.m */ = {isa = PBXFileReference; fileEncoding = 4; lastKnownFileType = sourcecode.c.objc; path = AppModel.m; sourceTree = "<group>"; };
/* End PBXFileReference section */

/* Begin PBXFrameworksBuildPhase section */
		77501DC31DFD4CE700E48E73 /* Frameworks */ = {
			isa = PBXFrameworksBuildPhase;
			buildActionMask = 2147483647;
			files = (
			);
			runOnlyForDeploymentPostprocessing = 0;
		};
/* End PBXFrameworksBuildPhase section */

/* Begin PBXGroup section */
		77501DBD1DFD4CE700E48E73 = {
			isa = PBXGroup;
			children = (
				77501DC81DFD4CE700E48E73 /* AsynToDownLoad */,
				77501DC71DFD4CE700E48E73 /* Products */,
			);
			sourceTree = "<group>";
		};
		77501DC71DFD4CE700E48E73 /* Products */ = {
			isa = PBXGroup;
			children = (
				77501DC61DFD4CE700E48E73 /* AsynToDownLoad.app */,
			);
			name = Products;
			sourceTree = "<group>";
		};
		77501DC81DFD4CE700E48E73 /* AsynToDownLoad */ = {
			isa = PBXGroup;
			children = (
				77501DE11DFD504200E48E73 /* Libs */,
				77501DE01DFD4D1100E48E73 /* Tool */,
				779D0A2F1DFD576200888253 /* Classes */,
				77501DC91DFD4CE700E48E73 /* Supporting Files */,
			);
			path = AsynToDownLoad;
			sourceTree = "<group>";
		};
		77501DC91DFD4CE700E48E73 /* Supporting Files */ = {
			isa = PBXGroup;
			children = (
				77501DCC1DFD4CE700E48E73 /* AppDelegate.h */,
				77501DCD1DFD4CE700E48E73 /* AppDelegate.m */,
				77501DD21DFD4CE700E48E73 /* Main.storyboard */,
				77501DD51DFD4CE700E48E73 /* Assets.xcassets */,
				77501DD71DFD4CE700E48E73 /* LaunchScreen.storyboard */,
				77501DDA1DFD4CE700E48E73 /* Info.plist */,
				77501DCA1DFD4CE700E48E73 /* main.m */,
			);
			name = "Supporting Files";
			sourceTree = "<group>";
		};
		77501DE01DFD4D1100E48E73 /* Tool */ = {
			isa = PBXGroup;
			children = (
				77501E0A1DFD50EF00E48E73 /* NetWorkTool.h */,
				77501E0B1DFD50EF00E48E73 /* NetWorkTool.m */,
			);
			path = Tool;
			sourceTree = "<group>";
		};
		77501DE11DFD504200E48E73 /* Libs */ = {
			isa = PBXGroup;
			children = (
				779D0A361DFD578B00888253 /* SDWebImage */,
				77501DF61DFD508300E48E73 /* AFNetworking */,
			);
			path = Libs;
			sourceTree = "<group>";
		};
		77501DF61DFD508300E48E73 /* AFNetworking */ = {
			isa = PBXGroup;
			children = (
				77501DF71DFD508300E48E73 /* AFHTTPSessionManager.h */,
				77501DF81DFD508300E48E73 /* AFHTTPSessionManager.m */,
				77501DF91DFD508300E48E73 /* AFNetworking.h */,
				77501DFA1DFD508300E48E73 /* AFNetworkReachabilityManager.h */,
				77501DFB1DFD508300E48E73 /* AFNetworkReachabilityManager.m */,
				77501DFC1DFD508300E48E73 /* AFSecurityPolicy.h */,
				77501DFD1DFD508300E48E73 /* AFSecurityPolicy.m */,
				77501DFE1DFD508300E48E73 /* AFURLRequestSerialization.h */,
				77501DFF1DFD508300E48E73 /* AFURLRequestSerialization.m */,
				77501E001DFD508300E48E73 /* AFURLResponseSerialization.h */,
				77501E011DFD508300E48E73 /* AFURLResponseSerialization.m */,
				77501E021DFD508300E48E73 /* AFURLSessionManager.h */,
				77501E031DFD508300E48E73 /* AFURLSessionManager.m */,
			);
			path = AFNetworking;
			sourceTree = "<group>";
		};
		779D0A2F1DFD576200888253 /* Classes */ = {
			isa = PBXGroup;
			children = (
				779D0A301DFD576200888253 /* Controllers */,
				779D0A331DFD576200888253 /* Models */,
				779D0A341DFD576200888253 /* Views */,
			);
			path = Classes;
			sourceTree = "<group>";
		};
		779D0A301DFD576200888253 /* Controllers */ = {
			isa = PBXGroup;
			children = (
				779D0A311DFD576200888253 /* ViewController.h */,
				779D0A321DFD576200888253 /* ViewController.m */,
			);
			path = Controllers;
			sourceTree = "<group>";
		};
		779D0A331DFD576200888253 /* Models */ = {
			isa = PBXGroup;
			children = (
				779D0A681DFD597C00888253 /* AppModel.h */,
				779D0A691DFD597C00888253 /* AppModel.m */,
			);
			path = Models;
			sourceTree = "<group>";
		};
		779D0A341DFD576200888253 /* Views */ = {
			isa = PBXGroup;
			children = (
			);
			path = Views;
			sourceTree = "<group>";
		};
		779D0A361DFD578B00888253 /* SDWebImage */ = {
			isa = PBXGroup;
			children = (
				779D0A371DFD578B00888253 /* MKAnnotationView+WebCache.h */,
				779D0A381DFD578B00888253 /* MKAnnotationView+WebCache.m */,
				779D0A391DFD578B00888253 /* NSData+ImageContentType.h */,
				779D0A3A1DFD578B00888253 /* NSData+ImageContentType.m */,
				779D0A3B1DFD578B00888253 /* SDImageCache.h */,
				779D0A3C1DFD578B00888253 /* SDImageCache.m */,
				779D0A3D1DFD578B00888253 /* SDWebImageCompat.h */,
				779D0A3E1DFD578B00888253 /* SDWebImageCompat.m */,
				779D0A3F1DFD578B00888253 /* SDWebImageDecoder.h */,
				779D0A401DFD578B00888253 /* SDWebImageDecoder.m */,
				779D0A411DFD578B00888253 /* SDWebImageDownloader.h */,
				779D0A421DFD578B00888253 /* SDWebImageDownloader.m */,
				779D0A431DFD578B00888253 /* SDWebImageDownloaderOperation.h */,
				779D0A441DFD578B00888253 /* SDWebImageDownloaderOperation.m */,
				779D0A451DFD578B00888253 /* SDWebImageManager.h */,
				779D0A461DFD578B00888253 /* SDWebImageManager.m */,
				779D0A471DFD578B00888253 /* SDWebImageOperation.h */,
				779D0A481DFD578B00888253 /* SDWebImagePrefetcher.h */,
				779D0A491DFD578B00888253 /* SDWebImagePrefetcher.m */,
				779D0A4A1DFD578B00888253 /* UIButton+WebCache.h */,
				779D0A4B1DFD578B00888253 /* UIButton+WebCache.m */,
				779D0A4C1DFD578B00888253 /* UIImage+GIF.h */,
				779D0A4D1DFD578B00888253 /* UIImage+GIF.m */,
				779D0A4E1DFD578B00888253 /* UIImage+MultiFormat.h */,
				779D0A4F1DFD578B00888253 /* UIImage+MultiFormat.m */,
				779D0A501DFD578B00888253 /* UIImage+WebP.h */,
				779D0A511DFD578B00888253 /* UIImage+WebP.m */,
				779D0A521DFD578B00888253 /* UIImageView+HighlightedWebCache.h */,
				779D0A531DFD578B00888253 /* UIImageView+HighlightedWebCache.m */,
				779D0A541DFD578B00888253 /* UIImageView+WebCache.h */,
				779D0A551DFD578B00888253 /* UIImageView+WebCache.m */,
				779D0A561DFD578B00888253 /* UIView+WebCacheOperation.h */,
				779D0A571DFD578B00888253 /* UIView+WebCacheOperation.m */,
			);
			name = SDWebImage;
			path = AFNetworking/SDWebImage;
			sourceTree = "<group>";
		};
/* End PBXGroup section */

/* Begin PBXNativeTarget section */
		77501DC51DFD4CE700E48E73 /* AsynToDownLoad */ = {
			isa = PBXNativeTarget;
			buildConfigurationList = 77501DDD1DFD4CE700E48E73 /* Build configuration list for PBXNativeTarget "AsynToDownLoad" */;
			buildPhases = (
				77501DC21DFD4CE700E48E73 /* Sources */,
				77501DC31DFD4CE700E48E73 /* Frameworks */,
				77501DC41DFD4CE700E48E73 /* Resources */,
			);
			buildRules = (
			);
			dependencies = (
			);
			name = AsynToDownLoad;
			productName = AsynToDownLoad;
			productReference = 77501DC61DFD4CE700E48E73 /* AsynToDownLoad.app */;
			productType = "com.apple.product-type.application";
		};
/* End PBXNativeTarget section */

/* Begin PBXProject section */
		77501DBE1DFD4CE700E48E73 /* Project object */ = {
			isa = PBXProject;
			attributes = {
				LastUpgradeCheck = 0810;
				ORGANIZATIONNAME = hukun;
				TargetAttributes = {
					77501DC51DFD4CE700E48E73 = {
						CreatedOnToolsVersion = 8.1;
						DevelopmentTeam = K8TMZUZB79;
						ProvisioningStyle = Automatic;
					};
				};
			};
			buildConfigurationList = 77501DC11DFD4CE700E48E73 /* Build configuration list for PBXProject "AsynToDownLoad" */;
			compatibilityVersion = "Xcode 3.2";
			developmentRegion = English;
			hasScannedForEncodings = 0;
			knownRegions = (
				en,
				Base,
			);
			mainGroup = 77501DBD1DFD4CE700E48E73;
			productRefGroup = 77501DC71DFD4CE700E48E73 /* Products */;
			projectDirPath = "";
			projectRoot = "";
			targets = (
				77501DC51DFD4CE700E48E73 /* AsynToDownLoad */,
			);
		};
/* End PBXProject section */

/* Begin PBXResourcesBuildPhase section */
		77501DC41DFD4CE700E48E73 /* Resources */ = {
			isa = PBXResourcesBuildPhase;
			buildActionMask = 2147483647;
			files = (
				77501DD91DFD4CE700E48E73 /* LaunchScreen.storyboard in Resources */,
				77501DD61DFD4CE700E48E73 /* Assets.xcassets in Resources */,
				77501DD41DFD4CE700E48E73 /* Main.storyboard in Resources */,
			);
			runOnlyForDeploymentPostprocessing = 0;
		};
/* End PBXResourcesBuildPhase section */

/* Begin PBXSourcesBuildPhase section */
		77501DC21DFD4CE700E48E73 /* Sources */ = {
			isa = PBXSourcesBuildPhase;
			buildActionMask = 2147483647;
			files = (
				77501E091DFD508400E48E73 /* AFURLSessionManager.m in Sources */,
				779D0A581DFD578B00888253 /* MKAnnotationView+WebCache.m in Sources */,
				77501DCE1DFD4CE700E48E73 /* AppDelegate.m in Sources */,
				779D0A601DFD578B00888253 /* SDWebImagePrefetcher.m in Sources */,
				779D0A6A1DFD597C00888253 /* AppModel.m in Sources */,
				779D0A5F1DFD578B00888253 /* SDWebImageManager.m in Sources */,
				77501E051DFD508300E48E73 /* AFNetworkReachabilityManager.m in Sources */,
				77501E0C1DFD50EF00E48E73 /* NetWorkTool.m in Sources */,
				779D0A661DFD578B00888253 /* UIImageView+WebCache.m in Sources */,
				779D0A5B1DFD578B00888253 /* SDWebImageCompat.m in Sources */,
				779D0A351DFD576200888253 /* ViewController.m in Sources */,
				779D0A5C1DFD578B00888253 /* SDWebImageDecoder.m in Sources */,
				779D0A631DFD578B00888253 /* UIImage+MultiFormat.m in Sources */,
				779D0A641DFD578B00888253 /* UIImage+WebP.m in Sources */,
				779D0A5E1DFD578B00888253 /* SDWebImageDownloaderOperation.m in Sources */,
				779D0A671DFD578B00888253 /* UIView+WebCacheOperation.m in Sources */,
				779D0A5D1DFD578B00888253 /* SDWebImageDownloader.m in Sources */,
				779D0A621DFD578B00888253 /* UIImage+GIF.m in Sources */,
				77501DCB1DFD4CE700E48E73 /* main.m in Sources */,
				77501E061DFD508300E48E73 /* AFSecurityPolicy.m in Sources */,
				77501E071DFD508300E48E73 /* AFURLRequestSerialization.m in Sources */,
				779D0A651DFD578B00888253 /* UIImageView+HighlightedWebCache.m in Sources */,
				77501E081DFD508400E48E73 /* AFURLResponseSerialization.m in Sources */,
				779D0A5A1DFD578B00888253 /* SDImageCache.m in Sources */,
				779D0A611DFD578B00888253 /* UIButton+WebCache.m in Sources */,
				779D0A591DFD578B00888253 /* NSData+ImageContentType.m in Sources */,
				77501E041DFD508300E48E73 /* AFHTTPSessionManager.m in Sources */,
			);
			runOnlyForDeploymentPostprocessing = 0;
		};
/* End PBXSourcesBuildPhase section */

/* Begin PBXVariantGroup section */
		77501DD21DFD4CE700E48E73 /* Main.storyboard */ = {
			isa = PBXVariantGroup;
			children = (
				77501DD31DFD4CE700E48E73 /* Base */,
			);
			name = Main.storyboard;
			sourceTree = "<group>";
		};
		77501DD71DFD4CE700E48E73 /* LaunchScreen.storyboard */ = {
			isa = PBXVariantGroup;
			children = (
				77501DD81DFD4CE700E48E73 /* Base */,
			);
			name = LaunchScreen.storyboard;
			sourceTree = "<group>";
		};
/* End PBXVariantGroup section */

/* Begin XCBuildConfiguration section */
		77501DDB1DFD4CE700E48E73 /* Debug */ = {
			isa = XCBuildConfiguration;
			buildSettings = {
				ALWAYS_SEARCH_USER_PATHS = NO;
				CLANG_ANALYZER_NONNULL = YES;
				CLANG_CXX_LANGUAGE_STANDARD = "gnu++0x";
				CLANG_CXX_LIBRARY = "libc++";
				CLANG_ENABLE_MODULES = YES;
				CLANG_ENABLE_OBJC_ARC = YES;
				CLANG_WARN_BOOL_CONVERSION = YES;
				CLANG_WARN_CONSTANT_CONVERSION = YES;
				CLANG_WARN_DIRECT_OBJC_ISA_USAGE = YES_ERROR;
				CLANG_WARN_DOCUMENTATION_COMMENTS = YES;
				CLANG_WARN_EMPTY_BODY = YES;
				CLANG_WARN_ENUM_CONVERSION = YES;
				CLANG_WARN_INFINITE_RECURSION = YES;
				CLANG_WARN_INT_CONVERSION = YES;
				CLANG_WARN_OBJC_ROOT_CLASS = YES_ERROR;
				CLANG_WARN_SUSPICIOUS_MOVES = YES;
				CLANG_WARN_UNREACHABLE_CODE = YES;
				CLANG_WARN__DUPLICATE_METHOD_MATCH = YES;
				"CODE_SIGN_IDENTITY[sdk=iphoneos*]" = "iPhone Developer";
				COPY_PHASE_STRIP = NO;
				DEBUG_INFORMATION_FORMAT = dwarf;
				ENABLE_STRICT_OBJC_MSGSEND = YES;
				ENABLE_TESTABILITY = YES;
				GCC_C_LANGUAGE_STANDARD = gnu99;
				GCC_DYNAMIC_NO_PIC = NO;
				GCC_NO_COMMON_BLOCKS = YES;
				GCC_OPTIMIZATION_LEVEL = 0;
				GCC_PREPROCESSOR_DEFINITIONS = (
					"DEBUG=1",
					"$(inherited)",
				);
				GCC_WARN_64_TO_32_BIT_CONVERSION = YES;
				GCC_WARN_ABOUT_RETURN_TYPE = YES_ERROR;
				GCC_WARN_UNDECLARED_SELECTOR = YES;
				GCC_WARN_UNINITIALIZED_AUTOS = YES_AGGRESSIVE;
				GCC_WARN_UNUSED_FUNCTION = YES;
				GCC_WARN_UNUSED_VARIABLE = YES;
				IPHONEOS_DEPLOYMENT_TARGET = 10.1;
				MTL_ENABLE_DEBUG_INFO = YES;
				ONLY_ACTIVE_ARCH = YES;
				SDKROOT = iphoneos;
			};
			name = Debug;
		};
		77501DDC1DFD4CE700E48E73 /* Release */ = {
			isa = XCBuildConfiguration;
			buildSettings = {
				ALWAYS_SEARCH_USER_PATHS = NO;
				CLANG_ANALYZER_NONNULL = YES;
				CLANG_CXX_LANGUAGE_STANDARD = "gnu++0x";
				CLANG_CXX_LIBRARY = "libc++";
				CLANG_ENABLE_MODULES = YES;
				CLANG_ENABLE_OBJC_ARC = YES;
				CLANG_WARN_BOOL_CONVERSION = YES;
				CLANG_WARN_CONSTANT_CONVERSION = YES;
				CLANG_WARN_DIRECT_OBJC_ISA_USAGE = YES_ERROR;
				CLANG_WARN_DOCUMENTATION_COMMENTS = YES;
				CLANG_WARN_EMPTY_BODY = YES;
				CLANG_WARN_ENUM_CONVERSION = YES;
				CLANG_WARN_INFINITE_RECURSION = YES;
				CLANG_WARN_INT_CONVERSION = YES;
				CLANG_WARN_OBJC_ROOT_CLASS = YES_ERROR;
				CLANG_WARN_SUSPICIOUS_MOVES = YES;
				CLANG_WARN_UNREACHABLE_CODE = YES;
				CLANG_WARN__DUPLICATE_METHOD_MATCH = YES;
				"CODE_SIGN_IDENTITY[sdk=iphoneos*]" = "iPhone Developer";
				COPY_PHASE_STRIP = NO;
				DEBUG_INFORMATION_FORMAT = "dwarf-with-dsym";
				ENABLE_NS_ASSERTIONS = NO;
				ENABLE_STRICT_OBJC_MSGSEND = YES;
				GCC_C_LANGUAGE_STANDARD = gnu99;
				GCC_NO_COMMON_BLOCKS = YES;
				GCC_WARN_64_TO_32_BIT_CONVERSION = YES;
				GCC_WARN_ABOUT_RETURN_TYPE = YES_ERROR;
				GCC_WARN_UNDECLARED_SELECTOR = YES;
				GCC_WARN_UNINITIALIZED_AUTOS = YES_AGGRESSIVE;
				GCC_WARN_UNUSED_FUNCTION = YES;
				GCC_WARN_UNUSED_VARIABLE = YES;
				IPHONEOS_DEPLOYMENT_TARGET = 10.1;
				MTL_ENABLE_DEBUG_INFO = NO;
				SDKROOT = iphoneos;
				VALIDATE_PRODUCT = YES;
			};
			name = Release;
		};
		77501DDE1DFD4CE700E48E73 /* Debug */ = {
			isa = XCBuildConfiguration;
			buildSettings = {
				ASSETCATALOG_COMPILER_APPICON_NAME = AppIcon;
				DEVELOPMENT_TEAM = K8TMZUZB79;
				INFOPLIST_FILE = AsynToDownLoad/Info.plist;
				LD_RUNPATH_SEARCH_PATHS = "$(inherited) @executable_path/Frameworks";
				PRODUCT_BUNDLE_IDENTIFIER = cn.hukun.AsynToDownLoad;
				PRODUCT_NAME = "$(TARGET_NAME)";
			};
			name = Debug;
		};
		77501DDF1DFD4CE700E48E73 /* Release */ = {
			isa = XCBuildConfiguration;
			buildSettings = {
				ASSETCATALOG_COMPILER_APPICON_NAME = AppIcon;
				DEVELOPMENT_TEAM = K8TMZUZB79;
				INFOPLIST_FILE = AsynToDownLoad/Info.plist;
				LD_RUNPATH_SEARCH_PATHS = "$(inherited) @executable_path/Frameworks";
				PRODUCT_BUNDLE_IDENTIFIER = cn.hukun.AsynToDownLoad;
				PRODUCT_NAME = "$(TARGET_NAME)";
			};
			name = Release;
		};
/* End XCBuildConfiguration section */

/* Begin XCConfigurationList section */
		77501DC11DFD4CE700E48E73 /* Build configuration list for PBXProject "AsynToDownLoad" */ = {
			isa = XCConfigurationList;
			buildConfigurations = (
				77501DDB1DFD4CE700E48E73 /* Debug */,
				77501DDC1DFD4CE700E48E73 /* Release */,
			);
			defaultConfigurationIsVisible = 0;
			defaultConfigurationName = Release;
		};
		77501DDD1DFD4CE700E48E73 /* Build configuration list for PBXNativeTarget "AsynToDownLoad" */ = {
			isa = XCConfigurationList;
			buildConfigurations = (
				77501DDE1DFD4CE700E48E73 /* Debug */,
				77501DDF1DFD4CE700E48E73 /* Release */,
			);
			defaultConfigurationIsVisible = 0;
			defaultConfigurationName = Release;
		};
/* End XCConfigurationList section */
	};
	rootObject = 77501DBE1DFD4CE700E48E73 /* Project object */;
}
